// !$*UTF8*$!
{
	archiveVersion = 1;
	classes = {
	};
	objectVersion = 46;
	objects = {

/* Begin PBXBuildFile section */
		A0AC2BA81B8CFA0A00D5C0C8 /* main.m in Sources */ = {isa = PBXBuildFile; fileRef = A0AC2BA71B8CFA0A00D5C0C8 /* main.m */; };
		A0AC2BAB1B8CFA0A00D5C0C8 /* AppDelegate.m in Sources */ = {isa = PBXBuildFile; fileRef = A0AC2BAA1B8CFA0A00D5C0C8 /* AppDelegate.m */; };
		A0AC2BAE1B8CFA0A00D5C0C8 /* ViewController.m in Sources */ = {isa = PBXBuildFile; fileRef = A0AC2BAD1B8CFA0A00D5C0C8 /* ViewController.m */; };
		A0AC2BB11B8CFA0A00D5C0C8 /* Main.storyboard in Resources */ = {isa = PBXBuildFile; fileRef = A0AC2BAF1B8CFA0A00D5C0C8 /* Main.storyboard */; };
		A0AC2BB31B8CFA0A00D5C0C8 /* Images.xcassets in Resources */ = {isa = PBXBuildFile; fileRef = A0AC2BB21B8CFA0A00D5C0C8 /* Images.xcassets */; };
		A0AC2BB61B8CFA0A00D5C0C8 /* LaunchScreen.xib in Resources */ = {isa = PBXBuildFile; fileRef = A0AC2BB41B8CFA0A00D5C0C8 /* LaunchScreen.xib */; };
		A0AC2BC21B8CFA0B00D5C0C8 /* JLARViewControllerTests.m in Sources */ = {isa = PBXBuildFile; fileRef = A0AC2BC11B8CFA0B00D5C0C8 /* JLARViewControllerTests.m */; };
		A0AC2BCD1B8CFA5B00D5C0C8 /* JLARViewController.m in Sources */ = {isa = PBXBuildFile; fileRef = A0AC2BCC1B8CFA5B00D5C0C8 /* JLARViewController.m */; };
		A0AC2BCF1B8D1DFC00D5C0C8 /* AVFoundation.framework in Frameworks */ = {isa = PBXBuildFile; fileRef = A0AC2BCE1B8D1DFC00D5C0C8 /* AVFoundation.framework */; };
		A0AC2BD11B8D2BA600D5C0C8 /* CoreLocation.framework in Frameworks */ = {isa = PBXBuildFile; fileRef = A0AC2BD01B8D2BA600D5C0C8 /* CoreLocation.framework */; };
/* End PBXBuildFile section */

/* Begin PBXContainerItemProxy section */
		A0AC2BBC1B8CFA0A00D5C0C8 /* PBXContainerItemProxy */ = {
			isa = PBXContainerItemProxy;
			containerPortal = A0AC2B9A1B8CFA0A00D5C0C8 /* Project object */;
			proxyType = 1;
			remoteGlobalIDString = A0AC2BA11B8CFA0A00D5C0C8;
			remoteInfo = JLARViewController;
		};
/* End PBXContainerItemProxy section */

/* Begin PBXFileReference section */
		A0AC2BA21B8CFA0A00D5C0C8 /* JLARViewController.app */ = {isa = PBXFileReference; explicitFileType = wrapper.application; includeInIndex = 0; path = JLARViewController.app; sourceTree = BUILT_PRODUCTS_DIR; };
		A0AC2BA61B8CFA0A00D5C0C8 /* Info.plist */ = {isa = PBXFileReference; lastKnownFileType = text.plist.xml; path = Info.plist; sourceTree = "<group>"; };
		A0AC2BA71B8CFA0A00D5C0C8 /* main.m */ = {isa = PBXFileReference; lastKnownFileType = sourcecode.c.objc; path = main.m; sourceTree = "<group>"; };
		A0AC2BA91B8CFA0A00D5C0C8 /* AppDelegate.h */ = {isa = PBXFileReference; lastKnownFileType = sourcecode.c.h; path = AppDelegate.h; sourceTree = "<group>"; };
		A0AC2BAA1B8CFA0A00D5C0C8 /* AppDelegate.m */ = {isa = PBXFileReference; lastKnownFileType = sourcecode.c.objc; path = AppDelegate.m; sourceTree = "<group>"; };
		A0AC2BAC1B8CFA0A00D5C0C8 /* ViewController.h */ = {isa = PBXFileReference; lastKnownFileType = sourcecode.c.h; path = ViewController.h; sourceTree = "<group>"; };
		A0AC2BAD1B8CFA0A00D5C0C8 /* ViewController.m */ = {isa = PBXFileReference; lastKnownFileType = sourcecode.c.objc; path = ViewController.m; sourceTree = "<group>"; };
		A0AC2BB01B8CFA0A00D5C0C8 /* Base */ = {isa = PBXFileReference; lastKnownFileType = file.storyboard; name = Base; path = Base.lproj/Main.storyboard; sourceTree = "<group>"; };
		A0AC2BB21B8CFA0A00D5C0C8 /* Images.xcassets */ = {isa = PBXFileReference; lastKnownFileType = folder.assetcatalog; path = Images.xcassets; sourceTree = "<group>"; };
		A0AC2BB51B8CFA0A00D5C0C8 /* Base */ = {isa = PBXFileReference; lastKnownFileType = file.xib; name = Base; path = Base.lproj/LaunchScreen.xib; sourceTree = "<group>"; };
		A0AC2BBB1B8CFA0A00D5C0C8 /* JLARViewControllerTests.xctest */ = {isa = PBXFileReference; explicitFileType = wrapper.cfbundle; includeInIndex = 0; path = JLARViewControllerTests.xctest; sourceTree = BUILT_PRODUCTS_DIR; };
		A0AC2BC01B8CFA0B00D5C0C8 /* Info.plist */ = {isa = PBXFileReference; lastKnownFileType = text.plist.xml; path = Info.plist; sourceTree = "<group>"; };
		A0AC2BC11B8CFA0B00D5C0C8 /* JLARViewControllerTests.m */ = {isa = PBXFileReference; lastKnownFileType = sourcecode.c.objc; path = JLARViewControllerTests.m; sourceTree = "<group>"; };
		A0AC2BCB1B8CFA5B00D5C0C8 /* JLARViewController.h */ = {isa = PBXFileReference; fileEncoding = 4; lastKnownFileType = sourcecode.c.h; path = JLARViewController.h; sourceTree = "<group>"; };
		A0AC2BCC1B8CFA5B00D5C0C8 /* JLARViewController.m */ = {isa = PBXFileReference; fileEncoding = 4; lastKnownFileType = sourcecode.c.objc; path = JLARViewController.m; sourceTree = "<group>"; };
		A0AC2BCE1B8D1DFC00D5C0C8 /* AVFoundation.framework */ = {isa = PBXFileReference; lastKnownFileType = wrapper.framework; name = AVFoundation.framework; path = System/Library/Frameworks/AVFoundation.framework; sourceTree = SDKROOT; };
		A0AC2BD01B8D2BA600D5C0C8 /* CoreLocation.framework */ = {isa = PBXFileReference; lastKnownFileType = wrapper.framework; name = CoreLocation.framework; path = System/Library/Frameworks/CoreLocation.framework; sourceTree = SDKROOT; };
/* End PBXFileReference section */

/* Begin PBXFrameworksBuildPhase section */
		A0AC2B9F1B8CFA0A00D5C0C8 /* Frameworks */ = {
			isa = PBXFrameworksBuildPhase;
			buildActionMask = 2147483647;
			files = (
				A0AC2BD11B8D2BA600D5C0C8 /* CoreLocation.framework in Frameworks */,
				A0AC2BCF1B8D1DFC00D5C0C8 /* AVFoundation.framework in Frameworks */,
			);
			runOnlyForDeploymentPostprocessing = 0;
		};
		A0AC2BB81B8CFA0A00D5C0C8 /* Frameworks */ = {
			isa = PBXFrameworksBuildPhase;
			buildActionMask = 2147483647;
			files = (
			);
			runOnlyForDeploymentPostprocessing = 0;
		};
/* End PBXFrameworksBuildPhase section */

/* Begin PBXGroup section */
		A0AC2B991B8CFA0A00D5C0C8 = {
			isa = PBXGroup;
			children = (
				A0AC2BD01B8D2BA600D5C0C8 /* CoreLocation.framework */,
				A0AC2BCE1B8D1DFC00D5C0C8 /* AVFoundation.framework */,
				A0AC2BA41B8CFA0A00D5C0C8 /* JLARViewController */,
				A0AC2BBE1B8CFA0B00D5C0C8 /* JLARViewControllerTests */,
				A0AC2BA31B8CFA0A00D5C0C8 /* Products */,
			);
			sourceTree = "<group>";
		};
		A0AC2BA31B8CFA0A00D5C0C8 /* Products */ = {
			isa = PBXGroup;
			children = (
				A0AC2BA21B8CFA0A00D5C0C8 /* JLARViewController.app */,
				A0AC2BBB1B8CFA0A00D5C0C8 /* JLARViewControllerTests.xctest */,
			);
			name = Products;
			sourceTree = "<group>";
		};
		A0AC2BA41B8CFA0A00D5C0C8 /* JLARViewController */ = {
			isa = PBXGroup;
			children = (
				A0AC2BA91B8CFA0A00D5C0C8 /* AppDelegate.h */,
				A0AC2BAA1B8CFA0A00D5C0C8 /* AppDelegate.m */,
				A0AC2BAC1B8CFA0A00D5C0C8 /* ViewController.h */,
				A0AC2BAD1B8CFA0A00D5C0C8 /* ViewController.m */,
				A0AC2BCB1B8CFA5B00D5C0C8 /* JLARViewController.h */,
				A0AC2BCC1B8CFA5B00D5C0C8 /* JLARViewController.m */,
				A0AC2BAF1B8CFA0A00D5C0C8 /* Main.storyboard */,
				A0AC2BB21B8CFA0A00D5C0C8 /* Images.xcassets */,
				A0AC2BB41B8CFA0A00D5C0C8 /* LaunchScreen.xib */,
				A0AC2BA51B8CFA0A00D5C0C8 /* Supporting Files */,
			);
			path = JLARViewController;
			sourceTree = "<group>";
		};
		A0AC2BA51B8CFA0A00D5C0C8 /* Supporting Files */ = {
			isa = PBXGroup;
			children = (
				A0AC2BA61B8CFA0A00D5C0C8 /* Info.plist */,
				A0AC2BA71B8CFA0A00D5C0C8 /* main.m */,
			);
			name = "Supporting Files";
			sourceTree = "<group>";
		};
		A0AC2BBE1B8CFA0B00D5C0C8 /* JLARViewControllerTests */ = {
			isa = PBXGroup;
			children = (
				A0AC2BC11B8CFA0B00D5C0C8 /* JLARViewControllerTests.m */,
				A0AC2BBF1B8CFA0B00D5C0C8 /* Supporting Files */,
			);
			path = JLARViewControllerTests;
			sourceTree = "<group>";
		};
		A0AC2BBF1B8CFA0B00D5C0C8 /* Supporting Files */ = {
			isa = PBXGroup;
			children = (
				A0AC2BC01B8CFA0B00D5C0C8 /* Info.plist */,
			);
			name = "Supporting Files";
			sourceTree = "<group>";
		};
/* End PBXGroup section */

/* Begin PBXNativeTarget section */
		A0AC2BA11B8CFA0A00D5C0C8 /* JLARViewController */ = {
			isa = PBXNativeTarget;
			buildConfigurationList = A0AC2BC51B8CFA0B00D5C0C8 /* Build configuration list for PBXNativeTarget "JLARViewController" */;
			buildPhases = (
				A0AC2B9E1B8CFA0A00D5C0C8 /* Sources */,
				A0AC2B9F1B8CFA0A00D5C0C8 /* Frameworks */,
				A0AC2BA01B8CFA0A00D5C0C8 /* Resources */,
			);
			buildRules = (
			);
			dependencies = (
			);
			name = JLARViewController;
			productName = JLARViewController;
			productReference = A0AC2BA21B8CFA0A00D5C0C8 /* JLARViewController.app */;
			productType = "com.apple.product-type.application";
		};
		A0AC2BBA1B8CFA0A00D5C0C8 /* JLARViewControllerTests */ = {
			isa = PBXNativeTarget;
			buildConfigurationList = A0AC2BC81B8CFA0B00D5C0C8 /* Build configuration list for PBXNativeTarget "JLARViewControllerTests" */;
			buildPhases = (
				A0AC2BB71B8CFA0A00D5C0C8 /* Sources */,
				A0AC2BB81B8CFA0A00D5C0C8 /* Frameworks */,
				A0AC2BB91B8CFA0A00D5C0C8 /* Resources */,
			);
			buildRules = (
			);
			dependencies = (
				A0AC2BBD1B8CFA0A00D5C0C8 /* PBXTargetDependency */,
			);
			name = JLARViewControllerTests;
			productName = JLARViewControllerTests;
			productReference = A0AC2BBB1B8CFA0A00D5C0C8 /* JLARViewControllerTests.xctest */;
			productType = "com.apple.product-type.bundle.unit-test";
		};
/* End PBXNativeTarget section */

/* Begin PBXProject section */
		A0AC2B9A1B8CFA0A00D5C0C8 /* Project object */ = {
			isa = PBXProject;
			attributes = {
				LastUpgradeCheck = 0640;
				ORGANIZATIONNAME = jlrodv;
				TargetAttributes = {
					A0AC2BA11B8CFA0A00D5C0C8 = {
						CreatedOnToolsVersion = 6.4;
					};
					A0AC2BBA1B8CFA0A00D5C0C8 = {
						CreatedOnToolsVersion = 6.4;
						TestTargetID = A0AC2BA11B8CFA0A00D5C0C8;
					};
				};
			};
			buildConfigurationList = A0AC2B9D1B8CFA0A00D5C0C8 /* Build configuration list for PBXProject "JLARViewController" */;
			compatibilityVersion = "Xcode 3.2";
			developmentRegion = English;
			hasScannedForEncodings = 0;
			knownRegions = (
				en,
				Base,
			);
			mainGroup = A0AC2B991B8CFA0A00D5C0C8;
			productRefGroup = A0AC2BA31B8CFA0A00D5C0C8 /* Products */;
			projectDirPath = "";
			projectRoot = "";
			targets = (
				A0AC2BA11B8CFA0A00D5C0C8 /* JLARViewController */,
				A0AC2BBA1B8CFA0A00D5C0C8 /* JLARViewControllerTests */,
			);
		};
/* End PBXProject section */

/* Begin PBXResourcesBuildPhase section */
		A0AC2BA01B8CFA0A00D5C0C8 /* Resources */ = {
			isa = PBXResourcesBuildPhase;
			buildActionMask = 2147483647;
			files = (
				A0AC2BB11B8CFA0A00D5C0C8 /* Main.storyboard in Resources */,
				A0AC2BB61B8CFA0A00D5C0C8 /* LaunchScreen.xib in Resources */,
				A0AC2BB31B8CFA0A00D5C0C8 /* Images.xcassets in Resources */,
			);
			runOnlyForDeploymentPostprocessing = 0;
		};
		A0AC2BB91B8CFA0A00D5C0C8 /* Resources */ = {
			isa = PBXResourcesBuildPhase;
			buildActionMask = 2147483647;
			files = (
			);
			runOnlyForDeploymentPostprocessing = 0;
		};
/* End PBXResourcesBuildPhase section */

/* Begin PBXSourcesBuildPhase section */
		A0AC2B9E1B8CFA0A00D5C0C8 /* Sources */ = {
			isa = PBXSourcesBuildPhase;
			buildActionMask = 2147483647;
			files = (
				A0AC2BAE1B8CFA0A00D5C0C8 /* ViewController.m in Sources */,
				A0AC2BAB1B8CFA0A00D5C0C8 /* AppDelegate.m in Sources */,
				A0AC2BA81B8CFA0A00D5C0C8 /* main.m in Sources */,
				A0AC2BCD1B8CFA5B00D5C0C8 /* JLARViewController.m in Sources */,
			);
			runOnlyForDeploymentPostprocessing = 0;
		};
		A0AC2BB71B8CFA0A00D5C0C8 /* Sources */ = {
			isa = PBXSourcesBuildPhase;
			buildActionMask = 2147483647;
			files = (
				A0AC2BC21B8CFA0B00D5C0C8 /* JLARViewControllerTests.m in Sources */,
			);
			runOnlyForDeploymentPostprocessing = 0;
		};
/* End PBXSourcesBuildPhase section */

/* Begin PBXTargetDependency section */
		A0AC2BBD1B8CFA0A00D5C0C8 /* PBXTargetDependency */ = {
			isa = PBXTargetDependency;
			target = A0AC2BA11B8CFA0A00D5C0C8 /* JLARViewController */;
			targetProxy = A0AC2BBC1B8CFA0A00D5C0C8 /* PBXContainerItemProxy */;
		};
/* End PBXTargetDependency section */

/* Begin PBXVariantGroup section */
		A0AC2BAF1B8CFA0A00D5C0C8 /* Main.storyboard */ = {
			isa = PBXVariantGroup;
			children = (
				A0AC2BB01B8CFA0A00D5C0C8 /* Base */,
			);
			name = Main.storyboard;
			sourceTree = "<group>";
		};
		A0AC2BB41B8CFA0A00D5C0C8 /* LaunchScreen.xib */ = {
			isa = PBXVariantGroup;
			children = (
				A0AC2BB51B8CFA0A00D5C0C8 /* Base */,
			);
			name = LaunchScreen.xib;
			sourceTree = "<group>";
		};
/* End PBXVariantGroup section */

/* Begin XCBuildConfiguration section */
		A0AC2BC31B8CFA0B00D5C0C8 /* Debug */ = {
			isa = XCBuildConfiguration;
			buildSettings = {
				ALWAYS_SEARCH_USER_PATHS = NO;
				CLANG_CXX_LANGUAGE_STANDARD = "gnu++0x";
				CLANG_CXX_LIBRARY = "libc++";
				CLANG_ENABLE_MODULES = YES;
				CLANG_ENABLE_OBJC_ARC = YES;
				CLANG_WARN_BOOL_CONVERSION = YES;
				CLANG_WARN_CONSTANT_CONVERSION = YES;
				CLANG_WARN_DIRECT_OBJC_ISA_USAGE = YES_ERROR;
				CLANG_WARN_EMPTY_BODY = YES;
				CLANG_WARN_ENUM_CONVERSION = YES;
				CLANG_WARN_INT_CONVERSION = YES;
				CLANG_WARN_OBJC_ROOT_CLASS = YES_ERROR;
				CLANG_WARN_UNREACHABLE_CODE = YES;
				CLANG_WARN__DUPLICATE_METHOD_MATCH = YES;
				"CODE_SIGN_IDENTITY[sdk=iphoneos*]" = "iPhone Developer";
				COPY_PHASE_STRIP = NO;
				DEBUG_INFORMATION_FORMAT = "dwarf-with-dsym";
				ENABLE_STRICT_OBJC_MSGSEND = YES;
				GCC_C_LANGUAGE_STANDARD = gnu99;
				GCC_DYNAMIC_NO_PIC = NO;
				GCC_NO_COMMON_BLOCKS = YES;
				GCC_OPTIMIZATION_LEVEL = 0;
				GCC_PREPROCESSOR_DEFINITIONS = (
					"DEBUG=1",
					"$(inherited)",
				);
				GCC_SYMBOLS_PRIVATE_EXTERN = NO;
				GCC_WARN_64_TO_32_BIT_CONVERSION = YES;
				GCC_WARN_ABOUT_RETURN_TYPE = YES_ERROR;
				GCC_WARN_UNDECLARED_SELECTOR = YES;
				GCC_WARN_UNINITIALIZED_AUTOS = YES_AGGRESSIVE;
				GCC_WARN_UNUSED_FUNCTION = YES;
				GCC_WARN_UNUSED_VARIABLE = YES;
				IPHONEOS_DEPLOYMENT_TARGET = 8.4;
				MTL_ENABLE_DEBUG_INFO = YES;
				ONLY_ACTIVE_ARCH = YES;
				SDKROOT = iphoneos;
			};
			name = Debug;
		};
		A0AC2BC41B8CFA0B00D5C0C8 /* Release */ = {
			isa = XCBuildConfiguration;
			buildSettings = {
				ALWAYS_SEARCH_USER_PATHS = NO;
				CLANG_CXX_LANGUAGE_STANDARD = "gnu++0x";
				CLANG_CXX_LIBRARY = "libc++";
				CLANG_ENABLE_MODULES = YES;
				CLANG_ENABLE_OBJC_ARC = YES;
				CLANG_WARN_BOOL_CONVERSION = YES;
				CLANG_WARN_CONSTANT_CONVERSION = YES;
				CLANG_WARN_DIRECT_OBJC_ISA_USAGE = YES_ERROR;
				CLANG_WARN_EMPTY_BODY = YES;
				CLANG_WARN_ENUM_CONVERSION = YES;
				CLANG_WARN_INT_CONVERSION = YES;
				CLANG_WARN_OBJC_ROOT_CLASS = YES_ERROR;
				CLANG_WARN_UNREACHABLE_CODE = YES;
				CLANG_WARN__DUPLICATE_METHOD_MATCH = YES;
				"CODE_SIGN_IDENTITY[sdk=iphoneos*]" = "iPhone Developer";
				COPY_PHASE_STRIP = NO;
				DEBUG_INFORMATION_FORMAT = "dwarf-with-dsym";
				ENABLE_NS_ASSERTIONS = NO;
				ENABLE_STRICT_OBJC_MSGSEND = YES;
				GCC_C_LANGUAGE_STANDARD = gnu99;
				GCC_NO_COMMON_BLOCKS = YES;
				GCC_WARN_64_TO_32_BIT_CONVERSION = YES;
				GCC_WARN_ABOUT_RETURN_TYPE = YES_ERROR;
				GCC_WARN_UNDECLARED_SELECTOR = YES;
				GCC_WARN_UNINITIALIZED_AUTOS = YES_AGGRESSIVE;
				GCC_WARN_UNUSED_FUNCTION = YES;
				GCC_WARN_UNUSED_VARIABLE = YES;
				IPHONEOS_DEPLOYMENT_TARGET = 8.4;
				MTL_ENABLE_DEBUG_INFO = NO;
				SDKROOT = iphoneos;
				VALIDATE_PRODUCT = YES;
			};
			name = Release;
		};
		A0AC2BC61B8CFA0B00D5C0C8 /* Debug */ = {
			isa = XCBuildConfiguration;
			buildSettings = {
				ASSETCATALOG_COMPILER_APPICON_NAME = AppIcon;
				INFOPLIST_FILE = JLARViewController/Info.plist;
				LD_RUNPATH_SEARCH_PATHS = "$(inherited) @executable_path/Frameworks";
				PRODUCT_NAME = "$(TARGET_NAME)";
			};
			name = Debug;
		};
		A0AC2BC71B8CFA0B00D5C0C8 /* Release */ = {
			isa = XCBuildConfiguration;
			buildSettings = {
				ASSETCATALOG_COMPILER_APPICON_NAME = AppIcon;
				INFOPLIST_FILE = JLARViewController/Info.plist;
				LD_RUNPATH_SEARCH_PATHS = "$(inherited) @executable_path/Frameworks";
				PRODUCT_NAME = "$(TARGET_NAME)";
			};
			name = Release;
		};
		A0AC2BC91B8CFA0B00D5C0C8 /* Debug */ = {
			isa = XCBuildConfiguration;
			buildSettings = {
				BUNDLE_LOADER = "$(TEST_HOST)";
				FRAMEWORK_SEARCH_PATHS = (
					"$(SDKROOT)/Developer/Library/Frameworks",
					"$(inherited)",
				);
				GCC_PREPROCESSOR_DEFINITIONS = (
					"DEBUG=1",
					"$(inherited)",
				);
				INFOPLIST_FILE = JLARViewControllerTests/Info.plist;
				LD_RUNPATH_SEARCH_PATHS = "$(inherited) @executable_path/Frameworks @loader_path/Frameworks";
				PRODUCT_NAME = "$(TARGET_NAME)";
				TEST_HOST = "$(BUILT_PRODUCTS_DIR)/JLARViewController.app/JLARViewController";
			};
			name = Debug;
		};
		A0AC2BCA1B8CFA0B00D5C0C8 /* Release */ = {
			isa = XCBuildConfiguration;
			buildSettings = {
				BUNDLE_LOADER = "$(TEST_HOST)";
				FRAMEWORK_SEARCH_PATHS = (
					"$(SDKROOT)/Developer/Library/Frameworks",
					"$(inherited)",
				);
				INFOPLIST_FILE = JLARViewControllerTests/Info.plist;
				LD_RUNPATH_SEARCH_PATHS = "$(inherited) @executable_path/Frameworks @loader_path/Frameworks";
				PRODUCT_NAME = "$(TARGET_NAME)";
				TEST_HOST = "$(BUILT_PRODUCTS_DIR)/JLARViewController.app/JLARViewController";
			};
			name = Release;
		};
/* End XCBuildConfiguration section */

/* Begin XCConfigurationList section */
		A0AC2B9D1B8CFA0A00D5C0C8 /* Build configuration list for PBXProject "JLARViewController" */ = {
			isa = XCConfigurationList;
			buildConfigurations = (
				A0AC2BC31B8CFA0B00D5C0C8 /* Debug */,
				A0AC2BC41B8CFA0B00D5C0C8 /* Release */,
			);
			defaultConfigurationIsVisible = 0;
			defaultConfigurationName = Release;
		};
		A0AC2BC51B8CFA0B00D5C0C8 /* Build configuration list for PBXNativeTarget "JLARViewController" */ = {
			isa = XCConfigurationList;
			buildConfigurations = (
				A0AC2BC61B8CFA0B00D5C0C8 /* Debug */,
				A0AC2BC71B8CFA0B00D5C0C8 /* Release */,
			);
			defaultConfigurationIsVisible = 0;
		};
		A0AC2BC81B8CFA0B00D5C0C8 /* Build configuration list for PBXNativeTarget "JLARViewControllerTests" */ = {
			isa = XCConfigurationList;
			buildConfigurations = (
				A0AC2BC91B8CFA0B00D5C0C8 /* Debug */,
				A0AC2BCA1B8CFA0B00D5C0C8 /* Release */,
			);
			defaultConfigurationIsVisible = 0;
		};
/* End XCConfigurationList section */
	};
	rootObject = A0AC2B9A1B8CFA0A00D5C0C8 /* Project object */;
}
